// !$*UTF8*$!
{
	archiveVersion = 1;
	classes = {
	};
	objectVersion = 50;
	objects = {

/* Begin PBXBuildFile section */
		EF7D113B25F7F5510007A9C8 /* MasterMindApp.swift in Sources */ = {isa = PBXBuildFile; fileRef = EF7D113A25F7F5510007A9C8 /* MasterMindApp.swift */; };
		EF7D113D25F7F5510007A9C8 /* ContentView.swift in Sources */ = {isa = PBXBuildFile; fileRef = EF7D113C25F7F5510007A9C8 /* ContentView.swift */; };
		EF7D113F25F7F5520007A9C8 /* Assets.xcassets in Resources */ = {isa = PBXBuildFile; fileRef = EF7D113E25F7F5520007A9C8 /* Assets.xcassets */; };
		EF7D114225F7F5520007A9C8 /* Preview Assets.xcassets in Resources */ = {isa = PBXBuildFile; fileRef = EF7D114125F7F5520007A9C8 /* Preview Assets.xcassets */; };
		EF7D114C25F7F6270007A9C8 /* ViewModel.swift in Sources */ = {isa = PBXBuildFile; fileRef = EF7D114B25F7F6270007A9C8 /* ViewModel.swift */; };
		EF7D115325F7F7930007A9C8 /* PegHoleView.swift in Sources */ = {isa = PBXBuildFile; fileRef = EF7D115225F7F7930007A9C8 /* PegHoleView.swift */; };
		EF7D115725F7F8040007A9C8 /* PegRow.swift in Sources */ = {isa = PBXBuildFile; fileRef = EF7D115625F7F8040007A9C8 /* PegRow.swift */; };
		EF9588C125FA9081002A4E7A /* ConfigurationModel.swift in Sources */ = {isa = PBXBuildFile; fileRef = EF9588C025FA9081002A4E7A /* ConfigurationModel.swift */; };
		EF9588C425FA9092002A4E7A /* CodeModel.swift in Sources */ = {isa = PBXBuildFile; fileRef = EF9588C325FA9092002A4E7A /* CodeModel.swift */; };
		EF9588C825FA9206002A4E7A /* CodeReviewer.swift in Sources */ = {isa = PBXBuildFile; fileRef = EF9588C725FA9206002A4E7A /* CodeReviewer.swift */; };
		EFA0E57A260133E0006A867A /* AnswerGrid.swift in Sources */ = {isa = PBXBuildFile; fileRef = EFA0E579260133E0006A867A /* AnswerGrid.swift */; };
		EFEBF3BF2603DB060017D432 /* StartView.swift in Sources */ = {isa = PBXBuildFile; fileRef = EFEBF3BE2603DB060017D432 /* StartView.swift */; };
/* End PBXBuildFile section */

/* Begin PBXFileReference section */
		EF7D113725F7F5510007A9C8 /* MasterMind.app */ = {isa = PBXFileReference; explicitFileType = wrapper.application; includeInIndex = 0; path = MasterMind.app; sourceTree = BUILT_PRODUCTS_DIR; };
		EF7D113A25F7F5510007A9C8 /* MasterMindApp.swift */ = {isa = PBXFileReference; lastKnownFileType = sourcecode.swift; path = MasterMindApp.swift; sourceTree = "<group>"; };
		EF7D113C25F7F5510007A9C8 /* ContentView.swift */ = {isa = PBXFileReference; lastKnownFileType = sourcecode.swift; path = ContentView.swift; sourceTree = "<group>"; };
		EF7D113E25F7F5520007A9C8 /* Assets.xcassets */ = {isa = PBXFileReference; lastKnownFileType = folder.assetcatalog; path = Assets.xcassets; sourceTree = "<group>"; };
		EF7D114125F7F5520007A9C8 /* Preview Assets.xcassets */ = {isa = PBXFileReference; lastKnownFileType = folder.assetcatalog; path = "Preview Assets.xcassets"; sourceTree = "<group>"; };
		EF7D114325F7F5520007A9C8 /* Info.plist */ = {isa = PBXFileReference; lastKnownFileType = text.plist.xml; path = Info.plist; sourceTree = "<group>"; };
		EF7D114B25F7F6270007A9C8 /* ViewModel.swift */ = {isa = PBXFileReference; lastKnownFileType = sourcecode.swift; path = ViewModel.swift; sourceTree = "<group>"; };
		EF7D115225F7F7930007A9C8 /* PegHoleView.swift */ = {isa = PBXFileReference; lastKnownFileType = sourcecode.swift; path = PegHoleView.swift; sourceTree = "<group>"; };
		EF7D115625F7F8040007A9C8 /* PegRow.swift */ = {isa = PBXFileReference; lastKnownFileType = sourcecode.swift; path = PegRow.swift; sourceTree = "<group>"; };
		EF9588C025FA9081002A4E7A /* ConfigurationModel.swift */ = {isa = PBXFileReference; lastKnownFileType = sourcecode.swift; path = ConfigurationModel.swift; sourceTree = "<group>"; };
		EF9588C325FA9092002A4E7A /* CodeModel.swift */ = {isa = PBXFileReference; lastKnownFileType = sourcecode.swift; path = CodeModel.swift; sourceTree = "<group>"; };
		EF9588C725FA9206002A4E7A /* CodeReviewer.swift */ = {isa = PBXFileReference; lastKnownFileType = sourcecode.swift; path = CodeReviewer.swift; sourceTree = "<group>"; };
		EFA0E579260133E0006A867A /* AnswerGrid.swift */ = {isa = PBXFileReference; lastKnownFileType = sourcecode.swift; path = AnswerGrid.swift; sourceTree = "<group>"; };
		EFEBF3BE2603DB060017D432 /* StartView.swift */ = {isa = PBXFileReference; lastKnownFileType = sourcecode.swift; path = StartView.swift; sourceTree = "<group>"; };
/* End PBXFileReference section */

/* Begin PBXFrameworksBuildPhase section */
		EF7D113425F7F5510007A9C8 /* Frameworks */ = {
			isa = PBXFrameworksBuildPhase;
			buildActionMask = 2147483647;
			files = (
			);
			runOnlyForDeploymentPostprocessing = 0;
		};
/* End PBXFrameworksBuildPhase section */

/* Begin PBXGroup section */
		EF7D112E25F7F5510007A9C8 = {
			isa = PBXGroup;
			children = (
				EF7D113925F7F5510007A9C8 /* MasterMind */,
				EF7D113825F7F5510007A9C8 /* Products */,
			);
			sourceTree = "<group>";
		};
		EF7D113825F7F5510007A9C8 /* Products */ = {
			isa = PBXGroup;
			children = (
				EF7D113725F7F5510007A9C8 /* MasterMind.app */,
			);
			name = Products;
			sourceTree = "<group>";
		};
		EF7D113925F7F5510007A9C8 /* MasterMind */ = {
			isa = PBXGroup;
			children = (
				EF7D115125F7F77D0007A9C8 /* Views */,
				EF7D114A25F7F5580007A9C8 /* Models */,
				EF7D113A25F7F5510007A9C8 /* MasterMindApp.swift */,
				EF9588C725FA9206002A4E7A /* CodeReviewer.swift */,
				EF7D114B25F7F6270007A9C8 /* ViewModel.swift */,
				EF7D113E25F7F5520007A9C8 /* Assets.xcassets */,
				EF7D114325F7F5520007A9C8 /* Info.plist */,
				EF7D114025F7F5520007A9C8 /* Preview Content */,
			);
			path = MasterMind;
			sourceTree = "<group>";
		};
		EF7D114025F7F5520007A9C8 /* Preview Content */ = {
			isa = PBXGroup;
			children = (
				EF7D114125F7F5520007A9C8 /* Preview Assets.xcassets */,
			);
			path = "Preview Content";
			sourceTree = "<group>";
		};
		EF7D114A25F7F5580007A9C8 /* Models */ = {
			isa = PBXGroup;
			children = (
				EF9588C025FA9081002A4E7A /* ConfigurationModel.swift */,
				EF9588C325FA9092002A4E7A /* CodeModel.swift */,
			);
			path = Models;
			sourceTree = "<group>";
		};
		EF7D115125F7F77D0007A9C8 /* Views */ = {
			isa = PBXGroup;
			children = (
				EF7D113C25F7F5510007A9C8 /* ContentView.swift */,
				EF7D115225F7F7930007A9C8 /* PegHoleView.swift */,
				EF7D115625F7F8040007A9C8 /* PegRow.swift */,
				EFA0E579260133E0006A867A /* AnswerGrid.swift */,
				EFEBF3BE2603DB060017D432 /* StartView.swift */,
			);
			path = Views;
			sourceTree = "<group>";
		};
/* End PBXGroup section */

/* Begin PBXNativeTarget section */
		EF7D113625F7F5510007A9C8 /* MasterMind */ = {
			isa = PBXNativeTarget;
			buildConfigurationList = EF7D114625F7F5520007A9C8 /* Build configuration list for PBXNativeTarget "MasterMind" */;
			buildPhases = (
				EF7D113325F7F5510007A9C8 /* Sources */,
				EF7D113425F7F5510007A9C8 /* Frameworks */,
				EF7D113525F7F5510007A9C8 /* Resources */,
			);
			buildRules = (
			);
			dependencies = (
			);
			name = MasterMind;
			productName = MasterMind;
			productReference = EF7D113725F7F5510007A9C8 /* MasterMind.app */;
			productType = "com.apple.product-type.application";
		};
/* End PBXNativeTarget section */

/* Begin PBXProject section */
		EF7D112F25F7F5510007A9C8 /* Project object */ = {
			isa = PBXProject;
			attributes = {
				LastSwiftUpdateCheck = 1240;
				LastUpgradeCheck = 1240;
				TargetAttributes = {
					EF7D113625F7F5510007A9C8 = {
						CreatedOnToolsVersion = 12.4;
					};
				};
			};
			buildConfigurationList = EF7D113225F7F5510007A9C8 /* Build configuration list for PBXProject "MasterMind" */;
			compatibilityVersion = "Xcode 9.3";
			developmentRegion = en;
			hasScannedForEncodings = 0;
			knownRegions = (
				en,
				Base,
			);
			mainGroup = EF7D112E25F7F5510007A9C8;
			productRefGroup = EF7D113825F7F5510007A9C8 /* Products */;
			projectDirPath = "";
			projectRoot = "";
			targets = (
				EF7D113625F7F5510007A9C8 /* MasterMind */,
			);
		};
/* End PBXProject section */

/* Begin PBXResourcesBuildPhase section */
		EF7D113525F7F5510007A9C8 /* Resources */ = {
			isa = PBXResourcesBuildPhase;
			buildActionMask = 2147483647;
			files = (
				EF7D114225F7F5520007A9C8 /* Preview Assets.xcassets in Resources */,
				EF7D113F25F7F5520007A9C8 /* Assets.xcassets in Resources */,
			);
			runOnlyForDeploymentPostprocessing = 0;
		};
/* End PBXResourcesBuildPhase section */

/* Begin PBXSourcesBuildPhase section */
		EF7D113325F7F5510007A9C8 /* Sources */ = {
			isa = PBXSourcesBuildPhase;
			buildActionMask = 2147483647;
			files = (
				EF7D113D25F7F5510007A9C8 /* ContentView.swift in Sources */,
				EFEBF3BF2603DB060017D432 /* StartView.swift in Sources */,
				EF7D113B25F7F5510007A9C8 /* MasterMindApp.swift in Sources */,
				EF9588C125FA9081002A4E7A /* ConfigurationModel.swift in Sources */,
				EF7D114C25F7F6270007A9C8 /* ViewModel.swift in Sources */,
				EF7D115325F7F7930007A9C8 /* PegHoleView.swift in Sources */,
				EF9588C825FA9206002A4E7A /* CodeReviewer.swift in Sources */,
				EF9588C425FA9092002A4E7A /* CodeModel.swift in Sources */,
				EF7D115725F7F8040007A9C8 /* PegRow.swift in Sources */,
				EFA0E57A260133E0006A867A /* AnswerGrid.swift in Sources */,
			);
			runOnlyForDeploymentPostprocessing = 0;
		};
/* End PBXSourcesBuildPhase section */

/* Begin XCBuildConfiguration section */
		EF7D114425F7F5520007A9C8 /* Debug */ = {
			isa = XCBuildConfiguration;
			buildSettings = {
				ALWAYS_SEARCH_USER_PATHS = NO;
				CLANG_ANALYZER_NONNULL = YES;
				CLANG_ANALYZER_NUMBER_OBJECT_CONVERSION = YES_AGGRESSIVE;
				CLANG_CXX_LANGUAGE_STANDARD = "gnu++14";
				CLANG_CXX_LIBRARY = "libc++";
				CLANG_ENABLE_MODULES = YES;
				CLANG_ENABLE_OBJC_ARC = YES;
				CLANG_ENABLE_OBJC_WEAK = YES;
				CLANG_WARN_BLOCK_CAPTURE_AUTORELEASING = YES;
				CLANG_WARN_BOOL_CONVERSION = YES;
				CLANG_WARN_COMMA = YES;
				CLANG_WARN_CONSTANT_CONVERSION = YES;
				CLANG_WARN_DEPRECATED_OBJC_IMPLEMENTATIONS = YES;
				CLANG_WARN_DIRECT_OBJC_ISA_USAGE = YES_ERROR;
				CLANG_WARN_DOCUMENTATION_COMMENTS = YES;
				CLANG_WARN_EMPTY_BODY = YES;
				CLANG_WARN_ENUM_CONVERSION = YES;
				CLANG_WARN_INFINITE_RECURSION = YES;
				CLANG_WARN_INT_CONVERSION = YES;
				CLANG_WARN_NON_LITERAL_NULL_CONVERSION = YES;
				CLANG_WARN_OBJC_IMPLICIT_RETAIN_SELF = YES;
				CLANG_WARN_OBJC_LITERAL_CONVERSION = YES;
				CLANG_WARN_OBJC_ROOT_CLASS = YES_ERROR;
				CLANG_WARN_QUOTED_INCLUDE_IN_FRAMEWORK_HEADER = YES;
				CLANG_WARN_RANGE_LOOP_ANALYSIS = YES;
				CLANG_WARN_STRICT_PROTOTYPES = YES;
				CLANG_WARN_SUSPICIOUS_MOVE = YES;
				CLANG_WARN_UNGUARDED_AVAILABILITY = YES_AGGRESSIVE;
				CLANG_WARN_UNREACHABLE_CODE = YES;
				CLANG_WARN__DUPLICATE_METHOD_MATCH = YES;
				COPY_PHASE_STRIP = NO;
				DEBUG_INFORMATION_FORMAT = dwarf;
				ENABLE_STRICT_OBJC_MSGSEND = YES;
				ENABLE_TESTABILITY = YES;
				GCC_C_LANGUAGE_STANDARD = gnu11;
				GCC_DYNAMIC_NO_PIC = NO;
				GCC_NO_COMMON_BLOCKS = YES;
				GCC_OPTIMIZATION_LEVEL = 0;
				GCC_PREPROCESSOR_DEFINITIONS = (
					"DEBUG=1",
					"$(inherited)",
				);
				GCC_WARN_64_TO_32_BIT_CONVERSION = YES;
				GCC_WARN_ABOUT_RETURN_TYPE = YES_ERROR;
				GCC_WARN_UNDECLARED_SELECTOR = YES;
				GCC_WARN_UNINITIALIZED_AUTOS = YES_AGGRESSIVE;
				GCC_WARN_UNUSED_FUNCTION = YES;
				GCC_WARN_UNUSED_VARIABLE = YES;
				IPHONEOS_DEPLOYMENT_TARGET = 14.4;
				MTL_ENABLE_DEBUG_INFO = INCLUDE_SOURCE;
				MTL_FAST_MATH = YES;
				ONLY_ACTIVE_ARCH = YES;
				SDKROOT = iphoneos;
				SWIFT_ACTIVE_COMPILATION_CONDITIONS = DEBUG;
				SWIFT_OPTIMIZATION_LEVEL = "-Onone";
			};
			name = Debug;
		};
		EF7D114525F7F5520007A9C8 /* Release */ = {
			isa = XCBuildConfiguration;
			buildSettings = {
				ALWAYS_SEARCH_USER_PATHS = NO;
				CLANG_ANALYZER_NONNULL = YES;
				CLANG_ANALYZER_NUMBER_OBJECT_CONVERSION = YES_AGGRESSIVE;
				CLANG_CXX_LANGUAGE_STANDARD = "gnu++14";
				CLANG_CXX_LIBRARY = "libc++";
				CLANG_ENABLE_MODULES = YES;
				CLANG_ENABLE_OBJC_ARC = YES;
				CLANG_ENABLE_OBJC_WEAK = YES;
				CLANG_WARN_BLOCK_CAPTURE_AUTORELEASING = YES;
				CLANG_WARN_BOOL_CONVERSION = YES;
				CLANG_WARN_COMMA = YES;
				CLANG_WARN_CONSTANT_CONVERSION = YES;
				CLANG_WARN_DEPRECATED_OBJC_IMPLEMENTATIONS = YES;
				CLANG_WARN_DIRECT_OBJC_ISA_USAGE = YES_ERROR;
				CLANG_WARN_DOCUMENTATION_COMMENTS = YES;
				CLANG_WARN_EMPTY_BODY = YES;
				CLANG_WARN_ENUM_CONVERSION = YES;
				CLANG_WARN_INFINITE_RECURSION = YES;
				CLANG_WARN_INT_CONVERSION = YES;
				CLANG_WARN_NON_LITERAL_NULL_CONVERSION = YES;
				CLANG_WARN_OBJC_IMPLICIT_RETAIN_SELF = YES;
				CLANG_WARN_OBJC_LITERAL_CONVERSION = YES;
				CLANG_WARN_OBJC_ROOT_CLASS = YES_ERROR;
				CLANG_WARN_QUOTED_INCLUDE_IN_FRAMEWORK_HEADER = YES;
				CLANG_WARN_RANGE_LOOP_ANALYSIS = YES;
				CLANG_WARN_STRICT_PROTOTYPES = YES;
				CLANG_WARN_SUSPICIOUS_MOVE = YES;
				CLANG_WARN_UNGUARDED_AVAILABILITY = YES_AGGRESSIVE;
				CLANG_WARN_UNREACHABLE_CODE = YES;
				CLANG_WARN__DUPLICATE_METHOD_MATCH = YES;
				COPY_PHASE_STRIP = NO;
				DEBUG_INFORMATION_FORMAT = "dwarf-with-dsym";
				ENABLE_NS_ASSERTIONS = NO;
				ENABLE_STRICT_OBJC_MSGSEND = YES;
				GCC_C_LANGUAGE_STANDARD = gnu11;
				GCC_NO_COMMON_BLOCKS = YES;
				GCC_WARN_64_TO_32_BIT_CONVERSION = YES;
				GCC_WARN_ABOUT_RETURN_TYPE = YES_ERROR;
				GCC_WARN_UNDECLARED_SELECTOR = YES;
				GCC_WARN_UNINITIALIZED_AUTOS = YES_AGGRESSIVE;
				GCC_WARN_UNUSED_FUNCTION = YES;
				GCC_WARN_UNUSED_VARIABLE = YES;
				IPHONEOS_DEPLOYMENT_TARGET = 14.4;
				MTL_ENABLE_DEBUG_INFO = NO;
				MTL_FAST_MATH = YES;
				SDKROOT = iphoneos;
				SWIFT_COMPILATION_MODE = wholemodule;
				SWIFT_OPTIMIZATION_LEVEL = "-O";
				VALIDATE_PRODUCT = YES;
			};
			name = Release;
		};
		EF7D114725F7F5520007A9C8 /* Debug */ = {
			isa = XCBuildConfiguration;
			buildSettings = {
				ASSETCATALOG_COMPILER_APPICON_NAME = AppIcon;
				ASSETCATALOG_COMPILER_GLOBAL_ACCENT_COLOR_NAME = AccentColor;
				CODE_SIGN_STYLE = Automatic;
				DEVELOPMENT_ASSET_PATHS = "\"MasterMind/Preview Content\"";
				DEVELOPMENT_TEAM = 47FPBQ95WC;
				ENABLE_PREVIEWS = YES;
				INFOPLIST_FILE = MasterMind/Info.plist;
				IPHONEOS_DEPLOYMENT_TARGET = 14.0;
				LD_RUNPATH_SEARCH_PATHS = (
					"$(inherited)",
					"@executable_path/Frameworks",
				);
				PRODUCT_BUNDLE_IDENTIFIER = com.blackrefactory.MasterMind;
				PRODUCT_NAME = "$(TARGET_NAME)";
				SWIFT_VERSION = 5.0;
				TARGETED_DEVICE_FAMILY = "1,2";
			};
			name = Debug;
		};
		EF7D114825F7F5520007A9C8 /* Release */ = {
			isa = XCBuildConfiguration;
			buildSettings = {
				ASSETCATALOG_COMPILER_APPICON_NAME = AppIcon;
				ASSETCATALOG_COMPILER_GLOBAL_ACCENT_COLOR_NAME = AccentColor;
				CODE_SIGN_STYLE = Automatic;
				DEVELOPMENT_ASSET_PATHS = "\"MasterMind/Preview Content\"";
				DEVELOPMENT_TEAM = 47FPBQ95WC;
				ENABLE_PREVIEWS = YES;
				INFOPLIST_FILE = MasterMind/Info.plist;
				IPHONEOS_DEPLOYMENT_TARGET = 14.0;
				LD_RUNPATH_SEARCH_PATHS = (
					"$(inherited)",
					"@executable_path/Frameworks",
				);
				PRODUCT_BUNDLE_IDENTIFIER = com.blackrefactory.MasterMind;
				PRODUCT_NAME = "$(TARGET_NAME)";
				SWIFT_VERSION = 5.0;
				TARGETED_DEVICE_FAMILY = "1,2";
			};
			name = Release;
		};
/* End XCBuildConfiguration section */

/* Begin XCConfigurationList section */
		EF7D113225F7F5510007A9C8 /* Build configuration list for PBXProject "MasterMind" */ = {
			isa = XCConfigurationList;
			buildConfigurations = (
				EF7D114425F7F5520007A9C8 /* Debug */,
				EF7D114525F7F5520007A9C8 /* Release */,
			);
			defaultConfigurationIsVisible = 0;
			defaultConfigurationName = Release;
		};
		EF7D114625F7F5520007A9C8 /* Build configuration list for PBXNativeTarget "MasterMind" */ = {
			isa = XCConfigurationList;
			buildConfigurations = (
				EF7D114725F7F5520007A9C8 /* Debug */,
				EF7D114825F7F5520007A9C8 /* Release */,
			);
			defaultConfigurationIsVisible = 0;
			defaultConfigurationName = Release;
		};
/* End XCConfigurationList section */
	};
	rootObject = EF7D112F25F7F5510007A9C8 /* Project object */;
}
